dependencies:
- name: frontend
  repository: file://charts/frontend
  version: 0.1.0
- name: backend
  repository: file://charts/backend
  version: 0.1.0
- name: database
  repository: file://charts/database
  version: 0.1.0
digest: sha256:0f02a4e18be719812c2cc1716f6fc1ed78df72c55f4c9dc4c0766e885097a150
generated: "2025-06-09T12:26:23.1597306+03:00"
